
Microsoft Visual Studio Solution File, Format Version 12.00
Project("{FAE04EC0-301F-11D3-BF4B-00C04F79EFBC}") = "AuroraCore", "AuroraCore\AuroraCore.csproj", "{789D59A1-EBF2-459C-92E8-192EE5193316}"
EndProject
Project("{FAE04EC0-301F-11D3-BF4B-00C04F79EFBC}") = "Authserver", "Authserver\Authserver.csproj", "{382D4100-AFF3-4579-8386-7C4A210A9F6A}"
EndProject
Project("{FAE04EC0-301F-11D3-BF4B-00C04F79EFBC}") = "LoggingService", "LoggingService\LoggingService.csproj", "{F8AB4FAB-3E8C-4787-A996-845D375EC53F}"
EndProject
Project("{FAE04EC0-301F-11D3-BF4B-00C04F79EFBC}") = "PlayerManagerServer", "PlayerManagerServer\PlayerManagerServer.csproj", "{A6124E81-2E49-4AF0-8F58-CF7051DDAE10}"
EndProject
Project("{FAE04EC0-301F-11D3-BF4B-00C04F79EFBC}") = "TestWorldseever", "TestWorldseever\TestWorldseever.csproj", "{EB606921-5AFF-4704-8455-C59AEF462AEE}"
EndProject
Project("{FAE04EC0-301F-11D3-BF4B-00C04F79EFBC}") = "Chatserver", "Chatserver\Chatserver.csproj", "{80CFEBFF-02B7-4B12-BD81-D959B3834885}"
EndProject
Project("{FAE04EC0-301F-11D3-BF4B-00C04F79EFBC}") = "GameServerManager", "GameServerManager\GameServerManager.csproj", "{B605B32A-5345-4EC0-8D89-7B34D60082F6}"
EndProject
Global
	GlobalSection(SolutionConfigurationPlatforms) = preSolution
		Debug|Any CPU = Debug|Any CPU
		Release|Any CPU = Release|Any CPU
	EndGlobalSection
	GlobalSection(ProjectConfigurationPlatforms) = postSolution
		{789D59A1-EBF2-459C-92E8-192EE5193316}.Debug|Any CPU.ActiveCfg = Debug|Any CPU
		{789D59A1-EBF2-459C-92E8-192EE5193316}.Debug|Any CPU.Build.0 = Debug|Any CPU
		{789D59A1-EBF2-459C-92E8-192EE5193316}.Release|Any CPU.ActiveCfg = Release|Any CPU
		{789D59A1-EBF2-459C-92E8-192EE5193316}.Release|Any CPU.Build.0 = Release|Any CPU
		{382D4100-AFF3-4579-8386-7C4A210A9F6A}.Debug|Any CPU.ActiveCfg = Debug|Any CPU
		{382D4100-AFF3-4579-8386-7C4A210A9F6A}.Debug|Any CPU.Build.0 = Debug|Any CPU
		{382D4100-AFF3-4579-8386-7C4A210A9F6A}.Release|Any CPU.ActiveCfg = Release|Any CPU
		{382D4100-AFF3-4579-8386-7C4A210A9F6A}.Release|Any CPU.Build.0 = Release|Any CPU
		{F8AB4FAB-3E8C-4787-A996-845D375EC53F}.Debug|Any CPU.ActiveCfg = Debug|Any CPU
		{F8AB4FAB-3E8C-4787-A996-845D375EC53F}.Debug|Any CPU.Build.0 = Debug|Any CPU
		{F8AB4FAB-3E8C-4787-A996-845D375EC53F}.Release|Any CPU.ActiveCfg = Release|Any CPU
		{F8AB4FAB-3E8C-4787-A996-845D375EC53F}.Release|Any CPU.Build.0 = Release|Any CPU
		{A6124E81-2E49-4AF0-8F58-CF7051DDAE10}.Debug|Any CPU.ActiveCfg = Debug|Any CPU
		{A6124E81-2E49-4AF0-8F58-CF7051DDAE10}.Debug|Any CPU.Build.0 = Debug|Any CPU
		{A6124E81-2E49-4AF0-8F58-CF7051DDAE10}.Release|Any CPU.ActiveCfg = Release|Any CPU
		{A6124E81-2E49-4AF0-8F58-CF7051DDAE10}.Release|Any CPU.Build.0 = Release|Any CPU
		{EB606921-5AFF-4704-8455-C59AEF462AEE}.Debug|Any CPU.ActiveCfg = Debug|Any CPU
		{EB606921-5AFF-4704-8455-C59AEF462AEE}.Debug|Any CPU.Build.0 = Debug|Any CPU
		{EB606921-5AFF-4704-8455-C59AEF462AEE}.Release|Any CPU.ActiveCfg = Release|Any CPU
		{EB606921-5AFF-4704-8455-C59AEF462AEE}.Release|Any CPU.Build.0 = Release|Any CPU
		{80CFEBFF-02B7-4B12-BD81-D959B3834885}.Debug|Any CPU.ActiveCfg = Debug|Any CPU
		{80CFEBFF-02B7-4B12-BD81-D959B3834885}.Debug|Any CPU.Build.0 = Debug|Any CPU
		{80CFEBFF-02B7-4B12-BD81-D959B3834885}.Release|Any CPU.ActiveCfg = Release|Any CPU
		{80CFEBFF-02B7-4B12-BD81-D959B3834885}.Release|Any CPU.Build.0 = Release|Any CPU
		{B605B32A-5345-4EC0-8D89-7B34D60082F6}.Debug|Any CPU.ActiveCfg = Debug|Any CPU
		{B605B32A-5345-4EC0-8D89-7B34D60082F6}.Debug|Any CPU.Build.0 = Debug|Any CPU
		{B605B32A-5345-4EC0-8D89-7B34D60082F6}.Release|Any CPU.ActiveCfg = Release|Any CPU
		{B605B32A-5345-4EC0-8D89-7B34D60082F6}.Release|Any CPU.Build.0 = Release|Any CPU
	EndGlobalSection
EndGlobal
